
Microsoft Visual Studio Solution File, Format Version 12.00
# Visual Studio Version 17
VisualStudioVersion = 17.3.32929.385
MinimumVisualStudioVersion = 10.0.40219.1
Project("{FAE04EC0-301F-11D3-BF4B-00C04F79EFBC}") = "ClassMetotDemo", "ClassMetotDemo\ClassMetotDemo.csproj", "{C5C27F69-1A37-48B1-92DB-EFF9FEA82CAC}"
EndProject
Global
	GlobalSection(SolutionConfigurationPlatforms) = preSolution
		Debug|Any CPU = Debug|Any CPU
		Release|Any CPU = Release|Any CPU
	EndGlobalSection
	GlobalSection(ProjectConfigurationPlatforms) = postSolution
		{C5C27F69-1A37-48B1-92DB-EFF9FEA82CAC}.Debug|Any CPU.ActiveCfg = Debug|Any CPU
		{C5C27F69-1A37-48B1-92DB-EFF9FEA82CAC}.Debug|Any CPU.Build.0 = Debug|Any CPU
		{C5C27F69-1A37-48B1-92DB-EFF9FEA82CAC}.Release|Any CPU.ActiveCfg = Release|Any CPU
		{C5C27F69-1A37-48B1-92DB-EFF9FEA82CAC}.Release|Any CPU.Build.0 = Release|Any CPU
	EndGlobalSection
	GlobalSection(SolutionProperties) = preSolution
		HideSolutionNode = FALSE
	EndGlobalSection
	GlobalSection(ExtensibilityGlobals) = postSolution
		SolutionGuid = {B9B36BF4-B1BA-4BE1-81CE-D24B3C3AD571}
	EndGlobalSection
EndGlobal
